
Microsoft Visual Studio Solution File, Format Version 12.00
# Visual Studio Version 16
VisualStudioVersion = 16.0.33529.622
MinimumVisualStudioVersion = 10.0.40219.1
Project("{FAE04EC0-301F-11D3-BF4B-00C04F79EFBC}") = "UserGrid", "UserGrid\UserGrid.csproj", "{F954CB53-4F5B-4448-AD15-7E9BAF44FABA}"
EndProject
Global
	GlobalSection(SolutionConfigurationPlatforms) = preSolution
		Debug|Any CPU = Debug|Any CPU
		Release|Any CPU = Release|Any CPU
	EndGlobalSection
	GlobalSection(ProjectConfigurationPlatforms) = postSolution
		{F954CB53-4F5B-4448-AD15-7E9BAF44FABA}.Debug|Any CPU.ActiveCfg = Debug|Any CPU
		{F954CB53-4F5B-4448-AD15-7E9BAF44FABA}.Debug|Any CPU.Build.0 = Debug|Any CPU
		{F954CB53-4F5B-4448-AD15-7E9BAF44FABA}.Release|Any CPU.ActiveCfg = Release|Any CPU
		{F954CB53-4F5B-4448-AD15-7E9BAF44FABA}.Release|Any CPU.Build.0 = Release|Any CPU
	EndGlobalSection
	GlobalSection(SolutionProperties) = preSolution
		HideSolutionNode = FALSE
	EndGlobalSection
	GlobalSection(ExtensibilityGlobals) = postSolution
		SolutionGuid = {7574420D-2DDE-4739-AFA8-5A4359A52713}
	EndGlobalSection
EndGlobal
